<Solution>
  <Configurations>
    <Platform Name="Any CPU" />
    <Platform Name="x64" />
    <Platform Name="x86" />
  </Configurations>
  <Folder Name="/FilebasedApp/">
    <Project Path="FileBasedApp/FileBasedApp.Toolkit.Analyzers/FileBasedApp.Toolkit.Analyzers.Sample/FileBasedApp.Toolkit.Analyzers.Sample.csproj" />
    <Project Path="FileBasedApp/FileBasedApp.Toolkit.Analyzers/FileBasedApp.Toolkit.Analyzers.Tests/FileBasedApp.Toolkit.Analyzers.Tests.csproj" />
    <Project Path="FileBasedApp/FileBasedApp.Toolkit.Analyzers/FileBasedApp.Toolkit.Analyzers/FileBasedApp.Toolkit.Analyzers.csproj" />
    <Project Path="FileBasedApp/FileBasedApp.Toolkit.CSharp.Tests/FileBasedApp.Toolkit.CSharp.Tests.csproj" />
    <Project Path="FileBasedApp/FileBasedApp.Toolkit.CSharp/FileBasedApp.Toolkit.CSharp.csproj" />
    <Project Path="FileBasedApp/FileBasedApp.Toolkit.Dotnet/FileBasedApp.Toolkit.Dotnet.csproj" />
    <Project Path="FileBasedApp/FileBasedApp.Toolkit.Tests/FileBasedApp.Toolkit.Tests.csproj" />
    <Project Path="FileBasedApp/FileBasedApp.Toolkit/FileBasedApp.Toolkit.csproj" />
  </Folder>
  <Folder Name="/Truepath/">
    <Project Path="TruePath.TestableIO/TruePath.TestableIO.System.IO/TruePath.TestableIO.System.IO.csproj" />
  </Folder>
  <Folder Name="/Tools/">
    <!-- <File Path="../Scripts/build-and-publish-nuget-packages.cs" /> -->
    <Project Path="Tools/GetFileSystemSourceAndParse/GetFileSystemSourceAndParse.csproj" />
  </Folder>
  
</Solution>
