<Solution>
  <Configurations>
    <Platform Name="Any CPU" />
    <Platform Name="x64" />
    <Platform Name="x86" />
  </Configurations>
  <Folder Name="/Tools/">
    <File Path="../Scripts/build-and-publish-nuget-packages.cs" />
    <Project Path="GetFileSystemSourceAndParse/GetFileSystemSourceAndParse.csproj" />
  </Folder>
  
  <Project Path="FileBasedApp.Toolkit.Tests/FileBasedApp.Toolkit.Tests.csproj" />
  <Project Path="FileBasedApp.Toolkit/FileBasedApp.Toolkit.csproj" />
  <Project Path="TruePath.TestableIO.System.IO/TruePath.TestableIO.System.IO.csproj" />
</Solution>
